// !$*UTF8*$!
{
	archiveVersion = 1;
	classes = {
	};
	objectVersion = 46;
	objects = {

/* Begin PBXBuildFile section */
		F9D613031CCD480E0053E256 /* AppStyles.swift in Sources */ = {isa = PBXBuildFile; fileRef = F9D613021CCD480E0053E256 /* AppStyles.swift */; };
		F9DA1CCC1CCA8F980025AA18 /* AppDelegate.swift in Sources */ = {isa = PBXBuildFile; fileRef = F9DA1CCB1CCA8F980025AA18 /* AppDelegate.swift */; };
		F9DA1CCE1CCA8F980025AA18 /* ViewController.swift in Sources */ = {isa = PBXBuildFile; fileRef = F9DA1CCD1CCA8F980025AA18 /* ViewController.swift */; };
		F9DA1CD11CCA8F980025AA18 /* Main.storyboard in Resources */ = {isa = PBXBuildFile; fileRef = F9DA1CCF1CCA8F980025AA18 /* Main.storyboard */; };
		F9DA1CD31CCA8F980025AA18 /* Assets.xcassets in Resources */ = {isa = PBXBuildFile; fileRef = F9DA1CD21CCA8F980025AA18 /* Assets.xcassets */; };
		F9DA1CD61CCA8F980025AA18 /* LaunchScreen.storyboard in Resources */ = {isa = PBXBuildFile; fileRef = F9DA1CD41CCA8F980025AA18 /* LaunchScreen.storyboard */; };
		F9DA1CE11CCA91BE0025AA18 /* ViewStyle.swift in Sources */ = {isa = PBXBuildFile; fileRef = F9DA1CE01CCA91BE0025AA18 /* ViewStyle.swift */; };
/* End PBXBuildFile section */

/* Begin PBXFileReference section */
		F9D613021CCD480E0053E256 /* AppStyles.swift */ = {isa = PBXFileReference; fileEncoding = 4; lastKnownFileType = sourcecode.swift; path = AppStyles.swift; sourceTree = "<group>"; };
		F9DA1CC81CCA8F980025AA18 /* StyleTestApp.app */ = {isa = PBXFileReference; explicitFileType = wrapper.application; includeInIndex = 0; path = StyleTestApp.app; sourceTree = BUILT_PRODUCTS_DIR; };
		F9DA1CCB1CCA8F980025AA18 /* AppDelegate.swift */ = {isa = PBXFileReference; lastKnownFileType = sourcecode.swift; path = AppDelegate.swift; sourceTree = "<group>"; };
		F9DA1CCD1CCA8F980025AA18 /* ViewController.swift */ = {isa = PBXFileReference; lastKnownFileType = sourcecode.swift; path = ViewController.swift; sourceTree = "<group>"; };
		F9DA1CD01CCA8F980025AA18 /* Base */ = {isa = PBXFileReference; lastKnownFileType = file.storyboard; name = Base; path = Base.lproj/Main.storyboard; sourceTree = "<group>"; };
		F9DA1CD21CCA8F980025AA18 /* Assets.xcassets */ = {isa = PBXFileReference; lastKnownFileType = folder.assetcatalog; path = Assets.xcassets; sourceTree = "<group>"; };
		F9DA1CD51CCA8F980025AA18 /* Base */ = {isa = PBXFileReference; lastKnownFileType = file.storyboard; name = Base; path = Base.lproj/LaunchScreen.storyboard; sourceTree = "<group>"; };
		F9DA1CD71CCA8F980025AA18 /* Info.plist */ = {isa = PBXFileReference; lastKnownFileType = text.plist.xml; path = Info.plist; sourceTree = "<group>"; };
		F9DA1CE01CCA91BE0025AA18 /* ViewStyle.swift */ = {isa = PBXFileReference; fileEncoding = 4; lastKnownFileType = sourcecode.swift; path = ViewStyle.swift; sourceTree = "<group>"; };
/* End PBXFileReference section */

/* Begin PBXFrameworksBuildPhase section */
		F9DA1CC51CCA8F980025AA18 /* Frameworks */ = {
			isa = PBXFrameworksBuildPhase;
			buildActionMask = 2147483647;
			files = (
			);
			runOnlyForDeploymentPostprocessing = 0;
		};
/* End PBXFrameworksBuildPhase section */

/* Begin PBXGroup section */
		F9DA1CBF1CCA8F980025AA18 = {
			isa = PBXGroup;
			children = (
				F9DA1CCA1CCA8F980025AA18 /* StyleTestApp */,
				F9DA1CC91CCA8F980025AA18 /* Products */,
			);
			sourceTree = "<group>";
		};
		F9DA1CC91CCA8F980025AA18 /* Products */ = {
			isa = PBXGroup;
			children = (
				F9DA1CC81CCA8F980025AA18 /* StyleTestApp.app */,
			);
			name = Products;
			sourceTree = "<group>";
		};
		F9DA1CCA1CCA8F980025AA18 /* StyleTestApp */ = {
			isa = PBXGroup;
			children = (
				F9DA1CDF1CCA917B0025AA18 /* Styles */,
				F9DA1CCB1CCA8F980025AA18 /* AppDelegate.swift */,
				F9D613021CCD480E0053E256 /* AppStyles.swift */,
				F9DA1CCD1CCA8F980025AA18 /* ViewController.swift */,
				F9DA1CCF1CCA8F980025AA18 /* Main.storyboard */,
				F9DA1CD21CCA8F980025AA18 /* Assets.xcassets */,
				F9DA1CD41CCA8F980025AA18 /* LaunchScreen.storyboard */,
				F9DA1CD71CCA8F980025AA18 /* Info.plist */,
			);
			path = StyleTestApp;
			sourceTree = "<group>";
		};
		F9DA1CDF1CCA917B0025AA18 /* Styles */ = {
			isa = PBXGroup;
			children = (
				F9DA1CE01CCA91BE0025AA18 /* ViewStyle.swift */,
			);
			name = Styles;
			sourceTree = "<group>";
		};
/* End PBXGroup section */

/* Begin PBXNativeTarget section */
		F9DA1CC71CCA8F980025AA18 /* StyleTestApp */ = {
			isa = PBXNativeTarget;
			buildConfigurationList = F9DA1CDA1CCA8F980025AA18 /* Build configuration list for PBXNativeTarget "StyleTestApp" */;
			buildPhases = (
				F9DA1CC41CCA8F980025AA18 /* Sources */,
				F9DA1CC51CCA8F980025AA18 /* Frameworks */,
				F9DA1CC61CCA8F980025AA18 /* Resources */,
			);
			buildRules = (
			);
			dependencies = (
			);
			name = StyleTestApp;
			productName = StyleTestApp;
			productReference = F9DA1CC81CCA8F980025AA18 /* StyleTestApp.app */;
			productType = "com.apple.product-type.application";
		};
/* End PBXNativeTarget section */

/* Begin PBXProject section */
		F9DA1CC01CCA8F980025AA18 /* Project object */ = {
			isa = PBXProject;
			attributes = {
				LastSwiftUpdateCheck = 0730;
				LastUpgradeCheck = 0730;
				ORGANIZATIONNAME = Tooploox;
				TargetAttributes = {
					F9DA1CC71CCA8F980025AA18 = {
						CreatedOnToolsVersion = 7.3;
					};
				};
			};
			buildConfigurationList = F9DA1CC31CCA8F980025AA18 /* Build configuration list for PBXProject "StyleTestApp" */;
			compatibilityVersion = "Xcode 3.2";
			developmentRegion = English;
			hasScannedForEncodings = 0;
			knownRegions = (
				en,
				Base,
			);
			mainGroup = F9DA1CBF1CCA8F980025AA18;
			productRefGroup = F9DA1CC91CCA8F980025AA18 /* Products */;
			projectDirPath = "";
			projectRoot = "";
			targets = (
				F9DA1CC71CCA8F980025AA18 /* StyleTestApp */,
			);
		};
/* End PBXProject section */

/* Begin PBXResourcesBuildPhase section */
		F9DA1CC61CCA8F980025AA18 /* Resources */ = {
			isa = PBXResourcesBuildPhase;
			buildActionMask = 2147483647;
			files = (
				F9DA1CD61CCA8F980025AA18 /* LaunchScreen.storyboard in Resources */,
				F9DA1CD31CCA8F980025AA18 /* Assets.xcassets in Resources */,
				F9DA1CD11CCA8F980025AA18 /* Main.storyboard in Resources */,
			);
			runOnlyForDeploymentPostprocessing = 0;
		};
/* End PBXResourcesBuildPhase section */

/* Begin PBXSourcesBuildPhase section */
		F9DA1CC41CCA8F980025AA18 /* Sources */ = {
			isa = PBXSourcesBuildPhase;
			buildActionMask = 2147483647;
			files = (
				F9DA1CCE1CCA8F980025AA18 /* ViewController.swift in Sources */,
				F9DA1CE11CCA91BE0025AA18 /* ViewStyle.swift in Sources */,
				F9DA1CCC1CCA8F980025AA18 /* AppDelegate.swift in Sources */,
				F9D613031CCD480E0053E256 /* AppStyles.swift in Sources */,
			);
			runOnlyForDeploymentPostprocessing = 0;
		};
/* End PBXSourcesBuildPhase section */

/* Begin PBXVariantGroup section */
		F9DA1CCF1CCA8F980025AA18 /* Main.storyboard */ = {
			isa = PBXVariantGroup;
			children = (
				F9DA1CD01CCA8F980025AA18 /* Base */,
			);
			name = Main.storyboard;
			sourceTree = "<group>";
		};
		F9DA1CD41CCA8F980025AA18 /* LaunchScreen.storyboard */ = {
			isa = PBXVariantGroup;
			children = (
				F9DA1CD51CCA8F980025AA18 /* Base */,
			);
			name = LaunchScreen.storyboard;
			sourceTree = "<group>";
		};
/* End PBXVariantGroup section */

/* Begin XCBuildConfiguration section */
		F9DA1CD81CCA8F980025AA18 /* Debug */ = {
			isa = XCBuildConfiguration;
			buildSettings = {
				ALWAYS_SEARCH_USER_PATHS = NO;
				CLANG_ANALYZER_NONNULL = YES;
				CLANG_CXX_LANGUAGE_STANDARD = "gnu++0x";
				CLANG_CXX_LIBRARY = "libc++";
				CLANG_ENABLE_MODULES = YES;
				CLANG_ENABLE_OBJC_ARC = YES;
				CLANG_WARN_BOOL_CONVERSION = YES;
				CLANG_WARN_CONSTANT_CONVERSION = YES;
				CLANG_WARN_DIRECT_OBJC_ISA_USAGE = YES_ERROR;
				CLANG_WARN_EMPTY_BODY = YES;
				CLANG_WARN_ENUM_CONVERSION = YES;
				CLANG_WARN_INT_CONVERSION = YES;
				CLANG_WARN_OBJC_ROOT_CLASS = YES_ERROR;
				CLANG_WARN_UNREACHABLE_CODE = YES;
				CLANG_WARN__DUPLICATE_METHOD_MATCH = YES;
				"CODE_SIGN_IDENTITY[sdk=iphoneos*]" = "iPhone Developer";
				COPY_PHASE_STRIP = NO;
				DEBUG_INFORMATION_FORMAT = dwarf;
				ENABLE_STRICT_OBJC_MSGSEND = YES;
				ENABLE_TESTABILITY = YES;
				GCC_C_LANGUAGE_STANDARD = gnu99;
				GCC_DYNAMIC_NO_PIC = NO;
				GCC_NO_COMMON_BLOCKS = YES;
				GCC_OPTIMIZATION_LEVEL = 0;
				GCC_PREPROCESSOR_DEFINITIONS = (
					"DEBUG=1",
					"$(inherited)",
				);
				GCC_WARN_64_TO_32_BIT_CONVERSION = YES;
				GCC_WARN_ABOUT_RETURN_TYPE = YES_ERROR;
				GCC_WARN_UNDECLARED_SELECTOR = YES;
				GCC_WARN_UNINITIALIZED_AUTOS = YES_AGGRESSIVE;
				GCC_WARN_UNUSED_FUNCTION = YES;
				GCC_WARN_UNUSED_VARIABLE = YES;
				IPHONEOS_DEPLOYMENT_TARGET = 9.3;
				MTL_ENABLE_DEBUG_INFO = YES;
				ONLY_ACTIVE_ARCH = YES;
				SDKROOT = iphoneos;
				SWIFT_OPTIMIZATION_LEVEL = "-Onone";
			};
			name = Debug;
		};
		F9DA1CD91CCA8F980025AA18 /* Release */ = {
			isa = XCBuildConfiguration;
			buildSettings = {
				ALWAYS_SEARCH_USER_PATHS = NO;
				CLANG_ANALYZER_NONNULL = YES;
				CLANG_CXX_LANGUAGE_STANDARD = "gnu++0x";
				CLANG_CXX_LIBRARY = "libc++";
				CLANG_ENABLE_MODULES = YES;
				CLANG_ENABLE_OBJC_ARC = YES;
				CLANG_WARN_BOOL_CONVERSION = YES;
				CLANG_WARN_CONSTANT_CONVERSION = YES;
				CLANG_WARN_DIRECT_OBJC_ISA_USAGE = YES_ERROR;
				CLANG_WARN_EMPTY_BODY = YES;
				CLANG_WARN_ENUM_CONVERSION = YES;
				CLANG_WARN_INT_CONVERSION = YES;
				CLANG_WARN_OBJC_ROOT_CLASS = YES_ERROR;
				CLANG_WARN_UNREACHABLE_CODE = YES;
				CLANG_WARN__DUPLICATE_METHOD_MATCH = YES;
				"CODE_SIGN_IDENTITY[sdk=iphoneos*]" = "iPhone Developer";
				COPY_PHASE_STRIP = NO;
				DEBUG_INFORMATION_FORMAT = "dwarf-with-dsym";
				ENABLE_NS_ASSERTIONS = NO;
				ENABLE_STRICT_OBJC_MSGSEND = YES;
				GCC_C_LANGUAGE_STANDARD = gnu99;
				GCC_NO_COMMON_BLOCKS = YES;
				GCC_WARN_64_TO_32_BIT_CONVERSION = YES;
				GCC_WARN_ABOUT_RETURN_TYPE = YES_ERROR;
				GCC_WARN_UNDECLARED_SELECTOR = YES;
				GCC_WARN_UNINITIALIZED_AUTOS = YES_AGGRESSIVE;
				GCC_WARN_UNUSED_FUNCTION = YES;
				GCC_WARN_UNUSED_VARIABLE = YES;
				IPHONEOS_DEPLOYMENT_TARGET = 9.3;
				MTL_ENABLE_DEBUG_INFO = NO;
				SDKROOT = iphoneos;
				VALIDATE_PRODUCT = YES;
			};
			name = Release;
		};
		F9DA1CDB1CCA8F980025AA18 /* Debug */ = {
			isa = XCBuildConfiguration;
			buildSettings = {
				ASSETCATALOG_COMPILER_APPICON_NAME = AppIcon;
				INFOPLIST_FILE = StyleTestApp/Info.plist;
				LD_RUNPATH_SEARCH_PATHS = "$(inherited) @executable_path/Frameworks";
				PRODUCT_BUNDLE_IDENTIFIER = com.tooploox.StyleTestApp;
				PRODUCT_NAME = "$(TARGET_NAME)";
			};
			name = Debug;
		};
		F9DA1CDC1CCA8F980025AA18 /* Release */ = {
			isa = XCBuildConfiguration;
			buildSettings = {
				ASSETCATALOG_COMPILER_APPICON_NAME = AppIcon;
				INFOPLIST_FILE = StyleTestApp/Info.plist;
				LD_RUNPATH_SEARCH_PATHS = "$(inherited) @executable_path/Frameworks";
				PRODUCT_BUNDLE_IDENTIFIER = com.tooploox.StyleTestApp;
				PRODUCT_NAME = "$(TARGET_NAME)";
			};
			name = Release;
		};
/* End XCBuildConfiguration section */

/* Begin XCConfigurationList section */
		F9DA1CC31CCA8F980025AA18 /* Build configuration list for PBXProject "StyleTestApp" */ = {
			isa = XCConfigurationList;
			buildConfigurations = (
				F9DA1CD81CCA8F980025AA18 /* Debug */,
				F9DA1CD91CCA8F980025AA18 /* Release */,
			);
			defaultConfigurationIsVisible = 0;
			defaultConfigurationName = Release;
		};
		F9DA1CDA1CCA8F980025AA18 /* Build configuration list for PBXNativeTarget "StyleTestApp" */ = {
			isa = XCConfigurationList;
			buildConfigurations = (
				F9DA1CDB1CCA8F980025AA18 /* Debug */,
				F9DA1CDC1CCA8F980025AA18 /* Release */,
			);
			defaultConfigurationIsVisible = 0;
			defaultConfigurationName = Release;
		};
/* End XCConfigurationList section */
	};
	rootObject = F9DA1CC01CCA8F980025AA18 /* Project object */;
}
